{
  "name": "layerzero",
  "version": "1.0.0",
  "lockfileVersion": 3,
  "requires": true,
  "packages": {
    "": {
      "name": "layerzero",
      "version": "1.0.0",
      "license": "MIT",
      "dependencies": {
        "scrollbydz": "^1.0.0"
      }
    },
    "node_modules/scrollbydz": {
      "version": "1.0.0",
      "resolved": "https://registry.npmjs.org/scrollbydz/-/scrollbydz-1.0.0.tgz",
      "integrity": "sha512-HMKXnWbA5gZfJK7mcecv8BFX/FdtPj9ISVXV6lmdTgWdL3SkDrCr3BLIkVGh2OeUfc6nIY6QLtpXutojncOVdw=="
    }
  }
}
